<?xml version="1.0" encoding="UTF-8"?>
<CONFIG>
  <ProjectOptions>
    <Version Value="9"/>
    <General>
      <MainUnit Value="0"/>
      <Icon Value="0"/>
    </General>
    <VersionInfo>
      <UseVersionInfo Value="True"/>
      <AutoIncrementBuild Value="True"/>
      <MajorVersionNr Value="1"/>
      <MinorVersionNr Value="5"/>
      <RevisionNr Value="5"/>
      <BuildNr Value="75"/>
      <StringTable Comments="AFUDF Library" FileDescription="AFUDF Library" InternalName="afmmngr" LegalCopyright="OAO Pharmacy" ProductName="AFUDF Library" ProductVersion="1.5"/>
    </VersionInfo>
    <BuildModes Count="4" Active="win64">
      <Item1 Name="win32" Default="True"/>
      <Item2 Name="linux-i386">
        <CompilerOptions>
          <Version Value="11"/>
          <Target>
            <Filename Value="../../build/$TargetOS()-$TargetCPU()/afmmngr"/>
          </Target>
          <SearchPaths>
            <IncludeFiles Value="$(ProjOutDir)"/>
            <Libraries Value="../../build/$TargetOS()-$TargetCPU()"/>
            <OtherUnitFiles Value="../cmnunits;../common"/>
            <UnitOutputDirectory Value="../../build/lib/$TargetOS()-$TargetCPU()"/>
          </SearchPaths>
          <Parsing>
            <SyntaxOptions>
              <UseAnsiStrings Value="False"/>
            </SyntaxOptions>
          </Parsing>
          <CodeGeneration>
            <SmartLinkUnit Value="True"/>
            <Optimizations>
              <OptimizationLevel Value="2"/>
            </Optimizations>
          </CodeGeneration>
          <Linking>
            <Debugging>
              <GenerateDebugInfo Value="False"/>
              <UseLineInfoUnit Value="False"/>
              <StripSymbols Value="True"/>
            </Debugging>
            <LinkSmart Value="True"/>
            <Options>
              <LinkerOptions Value="--verbose"/>
              <ExecutableType Value="Library"/>
            </Options>
          </Linking>
        </CompilerOptions>
      </Item2>
      <Item3 Name="linux-x64_861">
        <CompilerOptions>
          <Version Value="11"/>
          <Target>
            <Filename Value="../../build/$TargetOS()-$TargetCPU()/afmmngr"/>
          </Target>
          <SearchPaths>
            <IncludeFiles Value="$(ProjOutDir)"/>
            <Libraries Value="../../build/$TargetOS()-$TargetCPU()"/>
            <OtherUnitFiles Value="../cmnunits;../common"/>
            <UnitOutputDirectory Value="../../build/lib/$TargetOS()-$TargetCPU()"/>
          </SearchPaths>
          <Parsing>
            <SyntaxOptions>
              <UseAnsiStrings Value="False"/>
            </SyntaxOptions>
          </Parsing>
          <CodeGeneration>
            <SmartLinkUnit Value="True"/>
            <TargetCPU Value="x86_64"/>
            <TargetOS Value="linux"/>
            <Optimizations>
              <OptimizationLevel Value="2"/>
            </Optimizations>
          </CodeGeneration>
          <Linking>
            <Debugging>
              <GenerateDebugInfo Value="False"/>
              <UseLineInfoUnit Value="False"/>
              <StripSymbols Value="True"/>
            </Debugging>
            <LinkSmart Value="True"/>
            <Options>
              <LinkerOptions Value="--verbose"/>
              <ExecutableType Value="Library"/>
            </Options>
          </Linking>
        </CompilerOptions>
      </Item3>
      <Item4 Name="win64">
        <CompilerOptions>
          <Version Value="11"/>
          <Target>
            <Filename Value="../../build/$TargetOS()-$TargetCPU()/afmmngr"/>
          </Target>
          <SearchPaths>
            <IncludeFiles Value="$(ProjOutDir)"/>
            <Libraries Value="../../build/$TargetOS()-$TargetCPU()"/>
            <OtherUnitFiles Value="../cmnunits;../common"/>
            <UnitOutputDirectory Value="../../build/lib/$TargetOS()-$TargetCPU()"/>
          </SearchPaths>
          <Parsing>
            <SyntaxOptions>
              <UseAnsiStrings Value="False"/>
            </SyntaxOptions>
          </Parsing>
          <CodeGeneration>
            <SmartLinkUnit Value="True"/>
            <TargetCPU Value="x86_64"/>
            <TargetOS Value="win64"/>
            <Optimizations>
              <OptimizationLevel Value="2"/>
            </Optimizations>
          </CodeGeneration>
          <Linking>
            <Debugging>
              <GenerateDebugInfo Value="False"/>
              <UseLineInfoUnit Value="False"/>
              <UseHeaptrc Value="True"/>
            </Debugging>
            <LinkSmart Value="True"/>
            <Options>
              <LinkerOptions Value="--verbose"/>
              <ExecutableType Value="Library"/>
            </Options>
          </Linking>
        </CompilerOptions>
      </Item4>
    </BuildModes>
    <PublishOptions>
      <Version Value="2"/>
      <IgnoreBinaries Value="False"/>
      <IncludeFileFilter Value="*.(pas|pp|inc|lfm|lpr|lrs|lpi|lpk|sh|xml)"/>
      <ExcludeFileFilter Value="*.(bak|ppu|ppw|o|so);*~;backup"/>
    </PublishOptions>
    <RunParams>
      <local>
        <FormatVersion Value="1"/>
        <LaunchingApplication PathPlusParams="/usr/X11R6/bin/xterm -T 'Lazarus Run Output' -e $(LazarusDir)/tools/runwait.sh $(TargetCmdLine)"/>
      </local>
    </RunParams>
    <RequiredPackages Count="1">
      <Item1>
        <PackageName Value="LCL"/>
      </Item1>
    </RequiredPackages>
    <Units Count="7">
      <Unit0>
        <Filename Value="afmmngr.lpr"/>
        <IsPartOfProject Value="True"/>
        <IsVisibleTab Value="True"/>
        <TopLine Value="5"/>
        <CursorPos X="43" Y="16"/>
        <UsageCount Value="22"/>
        <Loaded Value="True"/>
        <LoadedDesigner Value="True"/>
      </Unit0>
      <Unit1>
        <Filename Value="/usr/lib/fpc/2.2.2/units/source/rtl/inc/heaph.inc"/>
        <CursorPos X="11" Y="58"/>
        <UsageCount Value="10"/>
      </Unit1>
      <Unit2>
        <Filename Value="/usr/lib/fpc/2.2.2/units/source/rtl/inc/systemh.inc"/>
        <TopLine Value="198"/>
        <CursorPos X="2" Y="211"/>
        <UsageCount Value="10"/>
      </Unit2>
      <Unit3>
        <Filename Value="/usr/share/fpcsrc/rtl/inc/heaph.inc"/>
        <TopLine Value="3"/>
        <CursorPos X="3" Y="39"/>
        <UsageCount Value="10"/>
      </Unit3>
      <Unit4>
        <Filename Value="../../../../fpc/trunk/rtl/inc/heaph.inc"/>
        <TopLine Value="20"/>
        <CursorPos X="3" Y="39"/>
        <UsageCount Value="10"/>
      </Unit4>
      <Unit5>
        <Filename Value="../common/uhandleobj.pas"/>
        <CursorPos X="16"/>
        <UsageCount Value="20"/>
      </Unit5>
      <Unit6>
        <Filename Value="../../../../utils/lazarus1.2/fpc/2.6.2/source/rtl/inc/heaph.inc"/>
        <TopLine Value="39"/>
        <CursorPos X="11" Y="54"/>
        <UsageCount Value="10"/>
      </Unit6>
    </Units>
    <JumpHistory Count="30" HistoryIndex="29">
      <Position1>
        <Filename Value="afmmngr.lpr"/>
        <Caret Line="16" Column="86"/>
      </Position1>
      <Position2>
        <Filename Value="afmmngr.lpr"/>
        <Caret Line="19"/>
      </Position2>
      <Position3>
        <Filename Value="afmmngr.lpr"/>
        <Caret Line="20" Column="32"/>
      </Position3>
      <Position4>
        <Filename Value="afmmngr.lpr"/>
        <Caret Line="18" Column="4"/>
      </Position4>
      <Position5>
        <Filename Value="afmmngr.lpr"/>
        <Caret Line="22" Column="5"/>
      </Position5>
      <Position6>
        <Filename Value="afmmngr.lpr"/>
        <Caret Line="21" Column="24"/>
      </Position6>
      <Position7>
        <Filename Value="afmmngr.lpr"/>
        <Caret Line="18" Column="20" TopLine="2"/>
      </Position7>
      <Position8>
        <Filename Value="afmmngr.lpr"/>
        <Caret Line="23" Column="45" TopLine="3"/>
      </Position8>
      <Position9>
        <Filename Value="afmmngr.lpr"/>
        <Caret Line="18" Column="10" TopLine="3"/>
      </Position9>
      <Position10>
        <Filename Value="afmmngr.lpr"/>
        <Caret Line="19" Column="4" TopLine="3"/>
      </Position10>
      <Position11>
        <Filename Value="afmmngr.lpr"/>
        <Caret Line="22" Column="12"/>
      </Position11>
      <Position12>
        <Filename Value="afmmngr.lpr"/>
        <Caret Line="16" Column="49" TopLine="15"/>
      </Position12>
      <Position13>
        <Filename Value="afmmngr.lpr"/>
        <Caret Line="29" Column="19" TopLine="18"/>
      </Position13>
      <Position14>
        <Filename Value="afmmngr.lpr"/>
        <Caret Line="29" Column="19" TopLine="18"/>
      </Position14>
      <Position15>
        <Filename Value="afmmngr.lpr"/>
        <Caret Line="25" Column="63" TopLine="20"/>
      </Position15>
      <Position16>
        <Filename Value="afmmngr.lpr"/>
        <Caret Line="36" Column="40" TopLine="20"/>
      </Position16>
      <Position17>
        <Filename Value="afmmngr.lpr"/>
        <Caret Line="31" Column="50" TopLine="21"/>
      </Position17>
      <Position18>
        <Filename Value="afmmngr.lpr"/>
        <Caret Line="33" Column="21" TopLine="22"/>
      </Position18>
      <Position19>
        <Filename Value="afmmngr.lpr"/>
        <Caret Line="47" Column="14" TopLine="22"/>
      </Position19>
      <Position20>
        <Filename Value="afmmngr.lpr"/>
        <Caret Line="37" Column="39" TopLine="14"/>
      </Position20>
      <Position21>
        <Filename Value="afmmngr.lpr"/>
        <Caret Line="45" Column="33" TopLine="19"/>
      </Position21>
      <Position22>
        <Filename Value="afmmngr.lpr"/>
        <Caret Line="57" TopLine="25"/>
      </Position22>
      <Position23>
        <Filename Value="afmmngr.lpr"/>
        <Caret Line="53" Column="22" TopLine="24"/>
      </Position23>
      <Position24>
        <Filename Value="afmmngr.lpr"/>
        <Caret Line="64" Column="22" TopLine="34"/>
      </Position24>
      <Position25>
        <Filename Value="afmmngr.lpr"/>
        <Caret Line="40" Column="32" TopLine="25"/>
      </Position25>
      <Position26>
        <Filename Value="afmmngr.lpr"/>
        <Caret Line="43" Column="25" TopLine="39"/>
      </Position26>
      <Position27>
        <Filename Value="afmmngr.lpr"/>
        <Caret Line="26" Column="9" TopLine="26"/>
      </Position27>
      <Position28>
        <Filename Value="afmmngr.lpr"/>
        <Caret Line="29" Column="15"/>
      </Position28>
      <Position29>
        <Filename Value="afmmngr.lpr"/>
        <Caret Line="52" Column="28" TopLine="28"/>
      </Position29>
      <Position30>
        <Filename Value="afmmngr.lpr"/>
        <Caret Line="53" Column="39" TopLine="29"/>
      </Position30>
    </JumpHistory>
  </ProjectOptions>
  <CompilerOptions>
    <Version Value="11"/>
    <Target>
      <Filename Value="../../build/$TargetOS()-$TargetCPU()/afmmngr"/>
    </Target>
    <SearchPaths>
      <IncludeFiles Value="$(ProjOutDir)"/>
      <Libraries Value="../../build/$TargetOS()-$TargetCPU()"/>
      <OtherUnitFiles Value="../cmnunits;../common"/>
      <UnitOutputDirectory Value="../../build/lib/$TargetOS()-$TargetCPU()"/>
    </SearchPaths>
    <Parsing>
      <SyntaxOptions>
        <UseAnsiStrings Value="False"/>
      </SyntaxOptions>
    </Parsing>
    <CodeGeneration>
      <SmartLinkUnit Value="True"/>
      <TargetCPU Value="i386"/>
      <TargetOS Value="win32"/>
      <Optimizations>
        <OptimizationLevel Value="2"/>
      </Optimizations>
    </CodeGeneration>
    <Linking>
      <Debugging>
        <GenerateDebugInfo Value="False"/>
        <UseLineInfoUnit Value="False"/>
        <UseHeaptrc Value="True"/>
      </Debugging>
      <LinkSmart Value="True"/>
      <Options>
        <LinkerOptions Value="--verbose"/>
        <ExecutableType Value="Library"/>
      </Options>
    </Linking>
  </CompilerOptions>
  <Debugging>
    <Exceptions Count="3">
      <Item1>
        <Name Value="EAbort"/>
      </Item1>
      <Item2>
        <Name Value="ECodetoolError"/>
      </Item2>
      <Item3>
        <Name Value="EFOpenError"/>
      </Item3>
    </Exceptions>
  </Debugging>
</CONFIG>
